
Microsoft Visual Studio Solution File, Format Version 12.00
# Visual Studio Version 16
VisualStudioVersion = 16.0.30204.135
MinimumVisualStudioVersion = 10.0.40219.1
Project("{FAE04EC0-301F-11D3-BF4B-00C04F79EFBC}") = "ConditionalStatements", "ConditionalStatements\ConditionalStatements.csproj", "{1FC7F902-E598-4CA3-B8BB-AA565889D975}"
EndProject
Global
	GlobalSection(SolutionConfigurationPlatforms) = preSolution
		Debug|Any CPU = Debug|Any CPU
		Release|Any CPU = Release|Any CPU
	EndGlobalSection
	GlobalSection(ProjectConfigurationPlatforms) = postSolution
		{1FC7F902-E598-4CA3-B8BB-AA565889D975}.Debug|Any CPU.ActiveCfg = Debug|Any CPU
		{1FC7F902-E598-4CA3-B8BB-AA565889D975}.Debug|Any CPU.Build.0 = Debug|Any CPU
		{1FC7F902-E598-4CA3-B8BB-AA565889D975}.Release|Any CPU.ActiveCfg = Release|Any CPU
		{1FC7F902-E598-4CA3-B8BB-AA565889D975}.Release|Any CPU.Build.0 = Release|Any CPU
	EndGlobalSection
	GlobalSection(SolutionProperties) = preSolution
		HideSolutionNode = FALSE
	EndGlobalSection
	GlobalSection(ExtensibilityGlobals) = postSolution
		SolutionGuid = {FB632DC4-7D7E-4B11-990C-FC42262157FD}
	EndGlobalSection
EndGlobal
